
Microsoft Visual Studio Solution File, Format Version 12.00
# Visual Studio Version 17
VisualStudioVersion = 17.0.31903.59
MinimumVisualStudioVersion = 10.0.40219.1
Project("{9A19103F-16F7-4668-BE54-9A1E7A4F7556}") = "SRMAuth", "SRMAuth\SRMAuth.csproj", "{5EBF1720-D5E9-4A3B-915F-C478B5EEA54D}"
EndProject
Project("{9A19103F-16F7-4668-BE54-9A1E7A4F7556}") = "SRMAgent", "SRMAgent\SRMAgent.csproj", "{7803DA41-3585-4559-9B7C-C98003F48FE8}"
EndProject
Project("{2150E333-8FDC-42A3-9474-1A3956D46DE8}") = "ContainerServices", "ContainerServices", "{238D20A2-AD93-4677-B3FA-92EF781E6117}"
	ProjectSection(SolutionItems) = preProject
		ContainerServices\README.md = ContainerServices\README.md
	EndProjectSection
EndProject
Project("{FAE04EC0-301F-11D3-BF4B-00C04F79EFBC}") = "SecureArchApp", "SecureArchApp\SecurityArchApp\SecureArchApp.csproj", "{B35B50B7-FBFD-FFAA-DDA0-966F0B7B7C7F}"
EndProject
Project("{FAE04EC0-301F-11D3-BF4B-00C04F79EFBC}") = "SecureArchApp.Client", "SecureArchApp\SecurityArchApp.Client\SecureArchApp.Client.csproj", "{913A79DC-2981-05BF-A8B4-30178D326522}"
EndProject
Project("{FAE04EC0-301F-11D3-BF4B-00C04F79EFBC}") = "SecureArchCore", "SecureArchCore\SecureArchCore.csproj", "{CFEE171F-B6D3-86FA-4EDB-E3B7F47C1728}"
EndProject
Project("{FAE04EC0-301F-11D3-BF4B-00C04F79EFBC}") = "TestSecureArchApp", "TestSecureArchApp\TestSecureArchApp.csproj", "{04321E0D-5F30-831D-C4BD-65B8D5CE59B9}"
EndProject
Project("{FAE04EC0-301F-11D3-BF4B-00C04F79EFBC}") = "TestSecureArchAppClient", "TestSecureArchAppClient\TestSecureArchAppClient.csproj", "{B4138379-F5C1-234D-600C-051F0845B1FF}"
EndProject
Project("{FAE04EC0-301F-11D3-BF4B-00C04F79EFBC}") = "TestSecureArchCore", "TestSecureArchCore\TestSecureArchCore.csproj", "{CA74771D-67AA-3A39-23AD-5897707AA74A}"
EndProject
Global
	GlobalSection(SolutionConfigurationPlatforms) = preSolution
		Debug|Any CPU = Debug|Any CPU
		Release|Any CPU = Release|Any CPU
	EndGlobalSection
	GlobalSection(ProjectConfigurationPlatforms) = postSolution
		{5EBF1720-D5E9-4A3B-915F-C478B5EEA54D}.Debug|Any CPU.ActiveCfg = Debug|Any CPU
		{5EBF1720-D5E9-4A3B-915F-C478B5EEA54D}.Debug|Any CPU.Build.0 = Debug|Any CPU
		{5EBF1720-D5E9-4A3B-915F-C478B5EEA54D}.Release|Any CPU.ActiveCfg = Release|Any CPU
		{5EBF1720-D5E9-4A3B-915F-C478B5EEA54D}.Release|Any CPU.Build.0 = Release|Any CPU
		{7803DA41-3585-4559-9B7C-C98003F48FE8}.Debug|Any CPU.ActiveCfg = Debug|Any CPU
		{7803DA41-3585-4559-9B7C-C98003F48FE8}.Debug|Any CPU.Build.0 = Debug|Any CPU
		{7803DA41-3585-4559-9B7C-C98003F48FE8}.Release|Any CPU.ActiveCfg = Release|Any CPU
		{7803DA41-3585-4559-9B7C-C98003F48FE8}.Release|Any CPU.Build.0 = Release|Any CPU
		{B35B50B7-FBFD-FFAA-DDA0-966F0B7B7C7F}.Debug|Any CPU.ActiveCfg = Debug|Any CPU
		{B35B50B7-FBFD-FFAA-DDA0-966F0B7B7C7F}.Debug|Any CPU.Build.0 = Debug|Any CPU
		{B35B50B7-FBFD-FFAA-DDA0-966F0B7B7C7F}.Release|Any CPU.ActiveCfg = Release|Any CPU
		{B35B50B7-FBFD-FFAA-DDA0-966F0B7B7C7F}.Release|Any CPU.Build.0 = Release|Any CPU
		{913A79DC-2981-05BF-A8B4-30178D326522}.Debug|Any CPU.ActiveCfg = Debug|Any CPU
		{913A79DC-2981-05BF-A8B4-30178D326522}.Debug|Any CPU.Build.0 = Debug|Any CPU
		{913A79DC-2981-05BF-A8B4-30178D326522}.Release|Any CPU.ActiveCfg = Release|Any CPU
		{913A79DC-2981-05BF-A8B4-30178D326522}.Release|Any CPU.Build.0 = Release|Any CPU
		{CFEE171F-B6D3-86FA-4EDB-E3B7F47C1728}.Debug|Any CPU.ActiveCfg = Debug|Any CPU
		{CFEE171F-B6D3-86FA-4EDB-E3B7F47C1728}.Debug|Any CPU.Build.0 = Debug|Any CPU
		{CFEE171F-B6D3-86FA-4EDB-E3B7F47C1728}.Release|Any CPU.ActiveCfg = Release|Any CPU
		{CFEE171F-B6D3-86FA-4EDB-E3B7F47C1728}.Release|Any CPU.Build.0 = Release|Any CPU
		{04321E0D-5F30-831D-C4BD-65B8D5CE59B9}.Debug|Any CPU.ActiveCfg = Debug|Any CPU
		{04321E0D-5F30-831D-C4BD-65B8D5CE59B9}.Debug|Any CPU.Build.0 = Debug|Any CPU
		{04321E0D-5F30-831D-C4BD-65B8D5CE59B9}.Release|Any CPU.ActiveCfg = Release|Any CPU
		{04321E0D-5F30-831D-C4BD-65B8D5CE59B9}.Release|Any CPU.Build.0 = Release|Any CPU
		{B4138379-F5C1-234D-600C-051F0845B1FF}.Debug|Any CPU.ActiveCfg = Debug|Any CPU
		{B4138379-F5C1-234D-600C-051F0845B1FF}.Debug|Any CPU.Build.0 = Debug|Any CPU
		{B4138379-F5C1-234D-600C-051F0845B1FF}.Release|Any CPU.ActiveCfg = Release|Any CPU
		{B4138379-F5C1-234D-600C-051F0845B1FF}.Release|Any CPU.Build.0 = Release|Any CPU
		{CA74771D-67AA-3A39-23AD-5897707AA74A}.Debug|Any CPU.ActiveCfg = Debug|Any CPU
		{CA74771D-67AA-3A39-23AD-5897707AA74A}.Debug|Any CPU.Build.0 = Debug|Any CPU
		{CA74771D-67AA-3A39-23AD-5897707AA74A}.Release|Any CPU.ActiveCfg = Release|Any CPU
		{CA74771D-67AA-3A39-23AD-5897707AA74A}.Release|Any CPU.Build.0 = Release|Any CPU
	EndGlobalSection
	GlobalSection(SolutionProperties) = preSolution
		HideSolutionNode = FALSE
	EndGlobalSection
	GlobalSection(ExtensibilityGlobals) = postSolution
		SolutionGuid = {8F24D3DD-91C4-437A-9C0D-4C2E8E929944}
	EndGlobalSection
EndGlobal
